
Microsoft Visual Studio Solution File, Format Version 12.00
# Visual Studio Version 17
VisualStudioVersion = 17.13.35806.99
MinimumVisualStudioVersion = 10.0.40219.1
Project("{FAE04EC0-301F-11D3-BF4B-00C04F79EFBC}") = "DeviceDescriptor.Abstract", "DeviceDescriptor\DeviceDescriptor.Abstract.csproj", "{156B0E10-2EF4-4A91-9AF6-157019296807}"
EndProject
Project("{FAE04EC0-301F-11D3-BF4B-00C04F79EFBC}") = "DeviceDescriptor.IoLink", "DeviceDescriptor.IoLink\DeviceDescriptor.IoLink.csproj", "{E30F8105-A3AF-4B7E-97DD-489D5B86F80B}"
EndProject
Project("{FAE04EC0-301F-11D3-BF4B-00C04F79EFBC}") = "DeviceDescriptor.IoLink.Console", "DeviceDescriptor.IoLink.Console\DeviceDescriptor.IoLink.Console.csproj", "{FEC287AF-22FA-4046-A402-6DBECAF07C4A}"
EndProject
Global
	GlobalSection(SolutionConfigurationPlatforms) = preSolution
		Debug|Any CPU = Debug|Any CPU
		Release|Any CPU = Release|Any CPU
	EndGlobalSection
	GlobalSection(ProjectConfigurationPlatforms) = postSolution
		{156B0E10-2EF4-4A91-9AF6-157019296807}.Debug|Any CPU.ActiveCfg = Debug|Any CPU
		{156B0E10-2EF4-4A91-9AF6-157019296807}.Debug|Any CPU.Build.0 = Debug|Any CPU
		{156B0E10-2EF4-4A91-9AF6-157019296807}.Release|Any CPU.ActiveCfg = Release|Any CPU
		{156B0E10-2EF4-4A91-9AF6-157019296807}.Release|Any CPU.Build.0 = Release|Any CPU
		{E30F8105-A3AF-4B7E-97DD-489D5B86F80B}.Debug|Any CPU.ActiveCfg = Debug|Any CPU
		{E30F8105-A3AF-4B7E-97DD-489D5B86F80B}.Debug|Any CPU.Build.0 = Debug|Any CPU
		{E30F8105-A3AF-4B7E-97DD-489D5B86F80B}.Release|Any CPU.ActiveCfg = Release|Any CPU
		{E30F8105-A3AF-4B7E-97DD-489D5B86F80B}.Release|Any CPU.Build.0 = Release|Any CPU
		{FEC287AF-22FA-4046-A402-6DBECAF07C4A}.Debug|Any CPU.ActiveCfg = Debug|Any CPU
		{FEC287AF-22FA-4046-A402-6DBECAF07C4A}.Debug|Any CPU.Build.0 = Debug|Any CPU
		{FEC287AF-22FA-4046-A402-6DBECAF07C4A}.Release|Any CPU.ActiveCfg = Release|Any CPU
		{FEC287AF-22FA-4046-A402-6DBECAF07C4A}.Release|Any CPU.Build.0 = Release|Any CPU
	EndGlobalSection
	GlobalSection(SolutionProperties) = preSolution
		HideSolutionNode = FALSE
	EndGlobalSection
	GlobalSection(ExtensibilityGlobals) = postSolution
		SolutionGuid = {E29694A4-65F6-4F39-948C-070637933D4C}
	EndGlobalSection
EndGlobal
